// !$*UTF8*$!
{
	archiveVersion = 1;
	classes = {
	};
	objectVersion = 46;
	objects = {

/* Begin PBXBuildFile section */
		8D5B49A804867FD3000E48DA /* InfoPlist.strings in Resources */ = {isa = PBXBuildFile; fileRef = 8D5B49A704867FD3000E48DA /* InfoPlist.strings */; };
		ED3325461190F4D500D73D86 /* Qt4DataFormatter.cpp in Sources */ = {isa = PBXBuildFile; fileRef = ED3325451190F4D500D73D86 /* Qt4DataFormatter.cpp */; };
		ED5A0A51119B6A94007D3C83 /* QtCore.framework in Frameworks */ = {isa = PBXBuildFile; fileRef = ED5A0A50119B6A94007D3C83 /* QtCore.framework */; };
		ED5A0A52119B6A9C007D3C83 /* QtCore.framework in Frameworks */ = {isa = PBXBuildFile; fileRef = ED5A0A50119B6A94007D3C83 /* QtCore.framework */; };
		ED91B553119DAE7600E86382 /* QtXml.framework in Frameworks */ = {isa = PBXBuildFile; fileRef = ED91B552119DAE7600E86382 /* QtXml.framework */; };
		ED91B55F119DB12400E86382 /* QtXml.framework in Frameworks */ = {isa = PBXBuildFile; fileRef = ED91B552119DAE7600E86382 /* QtXml.framework */; };
		ED95FCB21190F870007F4D32 /* CustomDataViews.plist in Resources */ = {isa = PBXBuildFile; fileRef = ED95FCB11190F870007F4D32 /* CustomDataViews.plist */; };
		EDFA371E119B0E25006D562C /* Qt4DataFormatterTest.cpp in Sources */ = {isa = PBXBuildFile; fileRef = EDFA3519119B0B8E006D562C /* Qt4DataFormatterTest.cpp */; };
/* End PBXBuildFile section */

/* Begin PBXContainerItemProxy section */
		EDFA3710119B0DEF006D562C /* PBXContainerItemProxy */ = {
			isa = PBXContainerItemProxy;
			containerPortal = 089C1669FE841209C02AAC07 /* Project object */;
			proxyType = 1;
			remoteGlobalIDString = 8D57630D048677EA00EA77CD;
			remoteInfo = Qt4DataFormatter;
		};
/* End PBXContainerItemProxy section */

/* Begin PBXFileReference section */
		089C167EFE841241C02AAC07 /* English */ = {isa = PBXFileReference; fileEncoding = 4; lastKnownFileType = text.plist.strings; name = English; path = English.lproj/InfoPlist.strings; sourceTree = "<group>"; };
		8D576316048677EA00EA77CD /* Qt4DataFormatter.bundle */ = {isa = PBXFileReference; explicitFileType = wrapper.cfbundle; includeInIndex = 0; path = Qt4DataFormatter.bundle; sourceTree = BUILT_PRODUCTS_DIR; };
		8D576317048677EA00EA77CD /* Info.plist */ = {isa = PBXFileReference; fileEncoding = 4; lastKnownFileType = text.plist.xml; path = Info.plist; sourceTree = "<group>"; };
		ED3325451190F4D500D73D86 /* Qt4DataFormatter.cpp */ = {isa = PBXFileReference; fileEncoding = 4; lastKnownFileType = sourcecode.cpp.cpp; path = Qt4DataFormatter.cpp; sourceTree = "<group>"; };
		ED5A0A50119B6A94007D3C83 /* QtCore.framework */ = {isa = PBXFileReference; lastKnownFileType = wrapper.framework; name = QtCore.framework; path = "/usr/local/Trolltech/Qt-4.7.0/lib/QtCore.framework"; sourceTree = "<absolute>"; };
		ED91B552119DAE7600E86382 /* QtXml.framework */ = {isa = PBXFileReference; lastKnownFileType = wrapper.framework; name = QtXml.framework; path = "/usr/local/Trolltech/Qt-4.7.0/lib/QtXml.framework"; sourceTree = "<absolute>"; };
		ED95FCB11190F870007F4D32 /* CustomDataViews.plist */ = {isa = PBXFileReference; fileEncoding = 4; lastKnownFileType = text.plist.xml; path = CustomDataViews.plist; sourceTree = "<group>"; };
		EDFA3519119B0B8E006D562C /* Qt4DataFormatterTest.cpp */ = {isa = PBXFileReference; fileEncoding = 4; lastKnownFileType = sourcecode.cpp.cpp; path = Qt4DataFormatterTest.cpp; sourceTree = "<group>"; };
		EDFA370C119B0DE8006D562C /* Qt4DataFormatterTest */ = {isa = PBXFileReference; explicitFileType = "compiled.mach-o.executable"; includeInIndex = 0; path = Qt4DataFormatterTest; sourceTree = BUILT_PRODUCTS_DIR; };
/* End PBXFileReference section */

/* Begin PBXFrameworksBuildPhase section */
		8D576313048677EA00EA77CD /* Frameworks */ = {
			isa = PBXFrameworksBuildPhase;
			buildActionMask = 2147483647;
			files = (
				ED91B55F119DB12400E86382 /* QtXml.framework in Frameworks */,
				ED5A0A51119B6A94007D3C83 /* QtCore.framework in Frameworks */,
			);
			runOnlyForDeploymentPostprocessing = 0;
		};
		EDFA370A119B0DE8006D562C /* Frameworks */ = {
			isa = PBXFrameworksBuildPhase;
			buildActionMask = 2147483647;
			files = (
				ED91B553119DAE7600E86382 /* QtXml.framework in Frameworks */,
				ED5A0A52119B6A9C007D3C83 /* QtCore.framework in Frameworks */,
			);
			runOnlyForDeploymentPostprocessing = 0;
		};
/* End PBXFrameworksBuildPhase section */

/* Begin PBXGroup section */
		089C166AFE841209C02AAC07 /* Qt4DataFormatter */ = {
			isa = PBXGroup;
			children = (
				ED51D821119D99020038A869 /* External Frameworks */,
				08FB77AFFE84173DC02AAC07 /* Source */,
				089C167CFE841241C02AAC07 /* Resources */,
				19C28FB6FE9D52B211CA2CBB /* Products */,
			);
			name = Qt4DataFormatter;
			sourceTree = "<group>";
		};
		089C167CFE841241C02AAC07 /* Resources */ = {
			isa = PBXGroup;
			children = (
				ED95FCB11190F870007F4D32 /* CustomDataViews.plist */,
				8D576317048677EA00EA77CD /* Info.plist */,
				8D5B49A704867FD3000E48DA /* InfoPlist.strings */,
			);
			name = Resources;
			sourceTree = "<group>";
		};
		08FB77AFFE84173DC02AAC07 /* Source */ = {
			isa = PBXGroup;
			children = (
				ED3325451190F4D500D73D86 /* Qt4DataFormatter.cpp */,
				EDFA3519119B0B8E006D562C /* Qt4DataFormatterTest.cpp */,
			);
			name = Source;
			sourceTree = "<group>";
		};
		19C28FB6FE9D52B211CA2CBB /* Products */ = {
			isa = PBXGroup;
			children = (
				8D576316048677EA00EA77CD /* Qt4DataFormatter.bundle */,
				EDFA370C119B0DE8006D562C /* Qt4DataFormatterTest */,
			);
			name = Products;
			sourceTree = "<group>";
		};
		ED51D821119D99020038A869 /* External Frameworks */ = {
			isa = PBXGroup;
			children = (
				ED5A0A50119B6A94007D3C83 /* QtCore.framework */,
				ED91B552119DAE7600E86382 /* QtXml.framework */,
			);
			name = "External Frameworks";
			sourceTree = "<group>";
		};
/* End PBXGroup section */

/* Begin PBXNativeTarget section */
		8D57630D048677EA00EA77CD /* Qt4DataFormatter */ = {
			isa = PBXNativeTarget;
			buildConfigurationList = 1DEB911A08733D790010E9CD /* Build configuration list for PBXNativeTarget "Qt4DataFormatter" */;
			buildPhases = (
				8D57630F048677EA00EA77CD /* Resources */,
				8D576311048677EA00EA77CD /* Sources */,
				8D576313048677EA00EA77CD /* Frameworks */,
			);
			buildRules = (
			);
			dependencies = (
			);
			name = Qt4DataFormatter;
			productInstallPath = "$(HOME)/Library/Bundles";
			productName = Qt4DataFormatter;
			productReference = 8D576316048677EA00EA77CD /* Qt4DataFormatter.bundle */;
			productType = "com.apple.product-type.bundle";
		};
		EDFA370B119B0DE8006D562C /* Qt4DataFormatterTest */ = {
			isa = PBXNativeTarget;
			buildConfigurationList = EDFA3725119B0E4D006D562C /* Build configuration list for PBXNativeTarget "Qt4DataFormatterTest" */;
			buildPhases = (
				EDFA3709119B0DE8006D562C /* Sources */,
				EDFA370A119B0DE8006D562C /* Frameworks */,
			);
			buildRules = (
			);
			dependencies = (
				EDFA3711119B0DEF006D562C /* PBXTargetDependency */,
			);
			name = Qt4DataFormatterTest;
			productName = Qt4DataFormatterTest;
			productReference = EDFA370C119B0DE8006D562C /* Qt4DataFormatterTest */;
			productType = "com.apple.product-type.tool";
		};
/* End PBXNativeTarget section */

/* Begin PBXProject section */
		089C1669FE841209C02AAC07 /* Project object */ = {
			isa = PBXProject;
			buildConfigurationList = 1DEB911E08733D790010E9CD /* Build configuration list for PBXProject "Qt4DataFormatter" */;
			compatibilityVersion = "Xcode 3.2";
			hasScannedForEncodings = 1;
			mainGroup = 089C166AFE841209C02AAC07 /* Qt4DataFormatter */;
			projectDirPath = "";
			projectRoot = "";
			targets = (
				8D57630D048677EA00EA77CD /* Qt4DataFormatter */,
				EDFA370B119B0DE8006D562C /* Qt4DataFormatterTest */,
			);
		};
/* End PBXProject section */

/* Begin PBXResourcesBuildPhase section */
		8D57630F048677EA00EA77CD /* Resources */ = {
			isa = PBXResourcesBuildPhase;
			buildActionMask = 2147483647;
			files = (
				8D5B49A804867FD3000E48DA /* InfoPlist.strings in Resources */,
				ED95FCB21190F870007F4D32 /* CustomDataViews.plist in Resources */,
			);
			runOnlyForDeploymentPostprocessing = 0;
		};
/* End PBXResourcesBuildPhase section */

/* Begin PBXSourcesBuildPhase section */
		8D576311048677EA00EA77CD /* Sources */ = {
			isa = PBXSourcesBuildPhase;
			buildActionMask = 2147483647;
			files = (
				ED3325461190F4D500D73D86 /* Qt4DataFormatter.cpp in Sources */,
			);
			runOnlyForDeploymentPostprocessing = 0;
		};
		EDFA3709119B0DE8006D562C /* Sources */ = {
			isa = PBXSourcesBuildPhase;
			buildActionMask = 2147483647;
			files = (
				EDFA371E119B0E25006D562C /* Qt4DataFormatterTest.cpp in Sources */,
			);
			runOnlyForDeploymentPostprocessing = 0;
		};
/* End PBXSourcesBuildPhase section */

/* Begin PBXTargetDependency section */
		EDFA3711119B0DEF006D562C /* PBXTargetDependency */ = {
			isa = PBXTargetDependency;
			target = 8D57630D048677EA00EA77CD /* Qt4DataFormatter */;
			targetProxy = EDFA3710119B0DEF006D562C /* PBXContainerItemProxy */;
		};
/* End PBXTargetDependency section */

/* Begin PBXVariantGroup section */
		8D5B49A704867FD3000E48DA /* InfoPlist.strings */ = {
			isa = PBXVariantGroup;
			children = (
				089C167EFE841241C02AAC07 /* English */,
			);
			name = InfoPlist.strings;
			sourceTree = "<group>";
		};
/* End PBXVariantGroup section */

/* Begin XCBuildConfiguration section */
		1DEB911B08733D790010E9CD /* Debug */ = {
			isa = XCBuildConfiguration;
			buildSettings = {
				ALWAYS_SEARCH_USER_PATHS = NO;
				ARCHS = "$(ARCHS_STANDARD_32_64_BIT)";
				COPY_PHASE_STRIP = NO;
				FRAMEWORK_SEARCH_PATHS = (
					"$(inherited)",
					"\"/usr/local/Trolltech/Qt-4.7.0/lib\"",
				);
				GCC_DYNAMIC_NO_PIC = NO;
				GCC_ENABLE_FIX_AND_CONTINUE = YES;
				GCC_MODEL_TUNING = G5;
				GCC_OPTIMIZATION_LEVEL = 0;
				INFOPLIST_FILE = Info.plist;
				INSTALL_PATH = "$(HOME)/Library/Bundles";
				PRODUCT_NAME = Qt4DataFormatter;
				WRAPPER_EXTENSION = bundle;
			};
			name = Debug;
		};
		1DEB911C08733D790010E9CD /* Release */ = {
			isa = XCBuildConfiguration;
			buildSettings = {
				ALWAYS_SEARCH_USER_PATHS = NO;
				ARCHS = "$(ARCHS_STANDARD_32_64_BIT)";
				DEBUG_INFORMATION_FORMAT = "dwarf-with-dsym";
				FRAMEWORK_SEARCH_PATHS = (
					"$(inherited)",
					"\"/usr/local/Trolltech/Qt-4.7.0/lib\"",
				);
				GCC_MODEL_TUNING = G5;
				INFOPLIST_FILE = Info.plist;
				INSTALL_PATH = "$(HOME)/Library/Bundles";
				ONLY_ACTIVE_ARCH = YES;
				PRODUCT_NAME = Qt4DataFormatter;
				WRAPPER_EXTENSION = bundle;
			};
			name = Release;
		};
		1DEB911F08733D790010E9CD /* Debug */ = {
			isa = XCBuildConfiguration;
			buildSettings = {
				ARCHS = "$(ARCHS_STANDARD_32_64_BIT)";
				DEPLOYMENT_LOCATION = NO;
				DSTROOT = "${DEVELOPER_DIR}";
				GCC_C_LANGUAGE_STANDARD = gnu99;
				GCC_OPTIMIZATION_LEVEL = 0;
				GCC_WARN_ABOUT_RETURN_TYPE = YES;
				GCC_WARN_UNUSED_VARIABLE = YES;
				INSTALL_PATH = /Library/Xcode/CustomDataViews;
				ONLY_ACTIVE_ARCH = YES;
				PREBINDING = NO;
				SDKROOT = macosx10.6;
			};
			name = Debug;
		};
		1DEB912008733D790010E9CD /* Release */ = {
			isa = XCBuildConfiguration;
			buildSettings = {
				ARCHS = "$(ARCHS_STANDARD_32_64_BIT)";
				DEPLOYMENT_LOCATION = NO;
				DSTROOT = "${DEVELOPER_DIR}";
				GCC_C_LANGUAGE_STANDARD = gnu99;
				GCC_WARN_ABOUT_RETURN_TYPE = YES;
				GCC_WARN_UNUSED_VARIABLE = YES;
				INSTALL_PATH = /Library/Xcode/CustomDataViews;
				PREBINDING = NO;
				SDKROOT = macosx10.6;
			};
			name = Release;
		};
		EDFA370E119B0DE9006D562C /* Debug */ = {
			isa = XCBuildConfiguration;
			buildSettings = {
				ALWAYS_SEARCH_USER_PATHS = NO;
				ARCHS = "$(ARCHS_STANDARD_32_64_BIT)";
				COPY_PHASE_STRIP = NO;
				DEBUG_INFORMATION_FORMAT = "dwarf-with-dsym";
				FRAMEWORK_SEARCH_PATHS = (
					"$(inherited)",
					"\"/usr/local/Trolltech/Qt-4.7.0/lib\"",
				);
				GCC_DYNAMIC_NO_PIC = NO;
				GCC_ENABLE_FIX_AND_CONTINUE = YES;
				GCC_MODEL_TUNING = G5;
				GCC_OPTIMIZATION_LEVEL = 0;
				GCC_WARN_UNUSED_VARIABLE = NO;
				INSTALL_PATH = /usr/local/bin;
				PREBINDING = NO;
				PRODUCT_NAME = Qt4DataFormatterTest;
			};
			name = Debug;
		};
		EDFA370F119B0DE9006D562C /* Release */ = {
			isa = XCBuildConfiguration;
			buildSettings = {
				ALWAYS_SEARCH_USER_PATHS = NO;
				COPY_PHASE_STRIP = YES;
				DEBUG_INFORMATION_FORMAT = "dwarf-with-dsym";
				FRAMEWORK_SEARCH_PATHS = (
					"$(inherited)",
					"\"/usr/local/Trolltech/Qt-4.7.0/lib\"",
				);
				GCC_ENABLE_FIX_AND_CONTINUE = NO;
				GCC_MODEL_TUNING = G5;
				GCC_WARN_UNUSED_VARIABLE = NO;
				INSTALL_PATH = /usr/local/bin;
				PREBINDING = NO;
				PRODUCT_NAME = Qt4DataFormatterTest;
				ZERO_LINK = NO;
			};
			name = Release;
		};
/* End XCBuildConfiguration section */

/* Begin XCConfigurationList section */
		1DEB911A08733D790010E9CD /* Build configuration list for PBXNativeTarget "Qt4DataFormatter" */ = {
			isa = XCConfigurationList;
			buildConfigurations = (
				1DEB911B08733D790010E9CD /* Debug */,
				1DEB911C08733D790010E9CD /* Release */,
			);
			defaultConfigurationIsVisible = 0;
			defaultConfigurationName = Release;
		};
		1DEB911E08733D790010E9CD /* Build configuration list for PBXProject "Qt4DataFormatter" */ = {
			isa = XCConfigurationList;
			buildConfigurations = (
				1DEB911F08733D790010E9CD /* Debug */,
				1DEB912008733D790010E9CD /* Release */,
			);
			defaultConfigurationIsVisible = 0;
			defaultConfigurationName = Release;
		};
		EDFA3725119B0E4D006D562C /* Build configuration list for PBXNativeTarget "Qt4DataFormatterTest" */ = {
			isa = XCConfigurationList;
			buildConfigurations = (
				EDFA370E119B0DE9006D562C /* Debug */,
				EDFA370F119B0DE9006D562C /* Release */,
			);
			defaultConfigurationIsVisible = 0;
			defaultConfigurationName = Release;
		};
/* End XCConfigurationList section */
	};
	rootObject = 089C1669FE841209C02AAC07 /* Project object */;
}
